GEM
  remote: https://rubygems.org/
  specs:
    diff-lcs (1.3)
    domain_name (0.5.20190701)
      unf (>= 0.0.5, < 1.0.0)
    faraday (0.17.1)
      multipart-post (>= 1.2, < 3)
    hashie (3.6.0)
    http-accept (1.7.0)
    http-cookie (1.0.3)
      domain_name (~> 0.5)
    inflection (1.0.0)
    mime-types (3.3)
      mime-types-data (~> 3.2015)
    mime-types-data (3.2019.1009)
    multipart-post (2.1.1)
    netrc (0.11.0)
    rest-client (2.1.0)
      http-accept (>= 1.7.0, < 2.0)
      http-cookie (>= 1.0.2, < 2.0)
      mime-types (>= 1.16, < 4.0)
      netrc (~> 0.8)
    rspec (3.9.0)
      rspec-core (~> 3.9.0)
      rspec-expectations (~> 3.9.0)
      rspec-mocks (~> 3.9.0)
    rspec-core (3.9.2)
      rspec-support (~> 3.9.3)
    rspec-expectations (3.9.2)
      diff-lcs (>= 1.2.0, < 2.0)
      rspec-support (~> 3.9.0)
    rspec-mocks (3.9.1)
      diff-lcs (>= 1.2.0, < 2.0)
      rspec-support (~> 3.9.0)
    rspec-support (3.9.3)
    unf (0.1.4)
      unf_ext
    unf_ext (0.0.7.6)
    zendesk_api (1.24.0)
      faraday (>= 0.9.0, < 1.0.0)
      hashie (>= 3.5.2, < 4.0.0)
      inflection
      mime-types
      multipart-post (~> 2.0)

PLATFORMS
  ruby

DEPENDENCIES
  rest-client
  rspec (~> 3.9)
  zendesk_api

BUNDLED WITH
   1.17.2
